
Microsoft Visual Studio Solution File, Format Version 12.00
# Visual Studio Version 17
VisualStudioVersion = 17.5.33424.131
MinimumVisualStudioVersion = 10.0.40219.1
Project("{9A19103F-16F7-4668-BE54-9A1E7A4F7556}") = "001-开始", "001-开始\001-开始.csproj", "{F89D9535-2169-47DD-A35E-54F37BBF9B0D}"
EndProject
Project("{9A19103F-16F7-4668-BE54-9A1E7A4F7556}") = "002-字符", "002-字符\002-字符.csproj", "{A98997F2-12F4-4A26-BD4A-DC9C31EA2EA8}"
EndProject
Project("{9A19103F-16F7-4668-BE54-9A1E7A4F7556}") = "003-简单计算器", "003-简单计算器\003-简单计算器.csproj", "{9EF1BB7D-9216-4F54-B029-5D6D618F866F}"
EndProject
Project("{9A19103F-16F7-4668-BE54-9A1E7A4F7556}") = "004-数组", "004-数组\004-数组.csproj", "{1F0549AE-FAA2-4716-B0C0-E69B10C3CCB7}"
EndProject
Project("{9A19103F-16F7-4668-BE54-9A1E7A4F7556}") = "005-数组插入", "005-数组插入\005-数组插入.csproj", "{EBA7550D-9EDE-442E-843F-61934F864B6D}"
EndProject
Project("{9A19103F-16F7-4668-BE54-9A1E7A4F7556}") = "06-真素数", "06-真素数\06-真素数.csproj", "{A3A51406-A73C-418A-9669-98C62852848D}"
EndProject
Project("{9A19103F-16F7-4668-BE54-9A1E7A4F7556}") = "07-递归", "07-递归\07-递归.csproj", "{18BCCB06-3173-411E-B8BE-782EAE6692FD}"
EndProject
Project("{9A19103F-16F7-4668-BE54-9A1E7A4F7556}") = "08-天干地支", "08-天干地支\08-天干地支.csproj", "{3A8CF0F1-FABC-475F-BD32-A25332DF48AB}"
EndProject
Project("{9A19103F-16F7-4668-BE54-9A1E7A4F7556}") = "09-异常处理", "09-面向对象\09-异常处理.csproj", "{454514F7-4A33-4B42-A317-A5D3E8C3B8D1}"
EndProject
Project("{9A19103F-16F7-4668-BE54-9A1E7A4F7556}") = "10-面向对象", "10-面向对象\10-面向对象.csproj", "{C4CB7DD0-CB93-48E2-A9A9-2B88CDA60E06}"
EndProject
Project("{9A19103F-16F7-4668-BE54-9A1E7A4F7556}") = "11-属性", "11-属性\11-属性.csproj", "{D1E0CF5D-CCBC-4A4E-A4AC-D607A40B977B}"
EndProject
Project("{9A19103F-16F7-4668-BE54-9A1E7A4F7556}") = "12-继承", "12-继承\12-继承.csproj", "{03F8F5D1-65FD-4E85-B021-861167E16957}"
EndProject
Project("{9A19103F-16F7-4668-BE54-9A1E7A4F7556}") = "13-抽象类与密封类", "13-抽象类\13-抽象类与密封类.csproj", "{9847901E-4382-4BE1-9532-CBD1DE6EE7A3}"
EndProject
Project("{FAE04EC0-301F-11D3-BF4B-00C04F79EFBC}") = "14-子类的构造", "14-子类的构造\14-子类的构造.csproj", "{985725AC-0BA6-4151-BA9A-CC44F043C72B}"
EndProject
Global
	GlobalSection(SolutionConfigurationPlatforms) = preSolution
		Debug|Any CPU = Debug|Any CPU
		Release|Any CPU = Release|Any CPU
	EndGlobalSection
	GlobalSection(ProjectConfigurationPlatforms) = postSolution
		{F89D9535-2169-47DD-A35E-54F37BBF9B0D}.Debug|Any CPU.ActiveCfg = Debug|Any CPU
		{F89D9535-2169-47DD-A35E-54F37BBF9B0D}.Debug|Any CPU.Build.0 = Debug|Any CPU
		{F89D9535-2169-47DD-A35E-54F37BBF9B0D}.Release|Any CPU.ActiveCfg = Release|Any CPU
		{F89D9535-2169-47DD-A35E-54F37BBF9B0D}.Release|Any CPU.Build.0 = Release|Any CPU
		{A98997F2-12F4-4A26-BD4A-DC9C31EA2EA8}.Debug|Any CPU.ActiveCfg = Debug|Any CPU
		{A98997F2-12F4-4A26-BD4A-DC9C31EA2EA8}.Debug|Any CPU.Build.0 = Debug|Any CPU
		{A98997F2-12F4-4A26-BD4A-DC9C31EA2EA8}.Release|Any CPU.ActiveCfg = Release|Any CPU
		{A98997F2-12F4-4A26-BD4A-DC9C31EA2EA8}.Release|Any CPU.Build.0 = Release|Any CPU
		{9EF1BB7D-9216-4F54-B029-5D6D618F866F}.Debug|Any CPU.ActiveCfg = Debug|Any CPU
		{9EF1BB7D-9216-4F54-B029-5D6D618F866F}.Debug|Any CPU.Build.0 = Debug|Any CPU
		{9EF1BB7D-9216-4F54-B029-5D6D618F866F}.Release|Any CPU.ActiveCfg = Release|Any CPU
		{9EF1BB7D-9216-4F54-B029-5D6D618F866F}.Release|Any CPU.Build.0 = Release|Any CPU
		{1F0549AE-FAA2-4716-B0C0-E69B10C3CCB7}.Debug|Any CPU.ActiveCfg = Debug|Any CPU
		{1F0549AE-FAA2-4716-B0C0-E69B10C3CCB7}.Debug|Any CPU.Build.0 = Debug|Any CPU
		{1F0549AE-FAA2-4716-B0C0-E69B10C3CCB7}.Release|Any CPU.ActiveCfg = Release|Any CPU
		{1F0549AE-FAA2-4716-B0C0-E69B10C3CCB7}.Release|Any CPU.Build.0 = Release|Any CPU
		{EBA7550D-9EDE-442E-843F-61934F864B6D}.Debug|Any CPU.ActiveCfg = Debug|Any CPU
		{EBA7550D-9EDE-442E-843F-61934F864B6D}.Debug|Any CPU.Build.0 = Debug|Any CPU
		{EBA7550D-9EDE-442E-843F-61934F864B6D}.Release|Any CPU.ActiveCfg = Release|Any CPU
		{EBA7550D-9EDE-442E-843F-61934F864B6D}.Release|Any CPU.Build.0 = Release|Any CPU
		{A3A51406-A73C-418A-9669-98C62852848D}.Debug|Any CPU.ActiveCfg = Debug|Any CPU
		{A3A51406-A73C-418A-9669-98C62852848D}.Debug|Any CPU.Build.0 = Debug|Any CPU
		{A3A51406-A73C-418A-9669-98C62852848D}.Release|Any CPU.ActiveCfg = Release|Any CPU
		{A3A51406-A73C-418A-9669-98C62852848D}.Release|Any CPU.Build.0 = Release|Any CPU
		{18BCCB06-3173-411E-B8BE-782EAE6692FD}.Debug|Any CPU.ActiveCfg = Debug|Any CPU
		{18BCCB06-3173-411E-B8BE-782EAE6692FD}.Debug|Any CPU.Build.0 = Debug|Any CPU
		{18BCCB06-3173-411E-B8BE-782EAE6692FD}.Release|Any CPU.ActiveCfg = Release|Any CPU
		{18BCCB06-3173-411E-B8BE-782EAE6692FD}.Release|Any CPU.Build.0 = Release|Any CPU
		{3A8CF0F1-FABC-475F-BD32-A25332DF48AB}.Debug|Any CPU.ActiveCfg = Debug|Any CPU
		{3A8CF0F1-FABC-475F-BD32-A25332DF48AB}.Debug|Any CPU.Build.0 = Debug|Any CPU
		{3A8CF0F1-FABC-475F-BD32-A25332DF48AB}.Release|Any CPU.ActiveCfg = Release|Any CPU
		{3A8CF0F1-FABC-475F-BD32-A25332DF48AB}.Release|Any CPU.Build.0 = Release|Any CPU
		{454514F7-4A33-4B42-A317-A5D3E8C3B8D1}.Debug|Any CPU.ActiveCfg = Debug|Any CPU
		{454514F7-4A33-4B42-A317-A5D3E8C3B8D1}.Debug|Any CPU.Build.0 = Debug|Any CPU
		{454514F7-4A33-4B42-A317-A5D3E8C3B8D1}.Release|Any CPU.ActiveCfg = Release|Any CPU
		{454514F7-4A33-4B42-A317-A5D3E8C3B8D1}.Release|Any CPU.Build.0 = Release|Any CPU
		{C4CB7DD0-CB93-48E2-A9A9-2B88CDA60E06}.Debug|Any CPU.ActiveCfg = Debug|Any CPU
		{C4CB7DD0-CB93-48E2-A9A9-2B88CDA60E06}.Debug|Any CPU.Build.0 = Debug|Any CPU
		{C4CB7DD0-CB93-48E2-A9A9-2B88CDA60E06}.Release|Any CPU.ActiveCfg = Release|Any CPU
		{C4CB7DD0-CB93-48E2-A9A9-2B88CDA60E06}.Release|Any CPU.Build.0 = Release|Any CPU
		{D1E0CF5D-CCBC-4A4E-A4AC-D607A40B977B}.Debug|Any CPU.ActiveCfg = Debug|Any CPU
		{D1E0CF5D-CCBC-4A4E-A4AC-D607A40B977B}.Debug|Any CPU.Build.0 = Debug|Any CPU
		{D1E0CF5D-CCBC-4A4E-A4AC-D607A40B977B}.Release|Any CPU.ActiveCfg = Release|Any CPU
		{D1E0CF5D-CCBC-4A4E-A4AC-D607A40B977B}.Release|Any CPU.Build.0 = Release|Any CPU
		{03F8F5D1-65FD-4E85-B021-861167E16957}.Debug|Any CPU.ActiveCfg = Debug|Any CPU
		{03F8F5D1-65FD-4E85-B021-861167E16957}.Debug|Any CPU.Build.0 = Debug|Any CPU
		{03F8F5D1-65FD-4E85-B021-861167E16957}.Release|Any CPU.ActiveCfg = Release|Any CPU
		{03F8F5D1-65FD-4E85-B021-861167E16957}.Release|Any CPU.Build.0 = Release|Any CPU
		{9847901E-4382-4BE1-9532-CBD1DE6EE7A3}.Debug|Any CPU.ActiveCfg = Debug|Any CPU
		{9847901E-4382-4BE1-9532-CBD1DE6EE7A3}.Debug|Any CPU.Build.0 = Debug|Any CPU
		{9847901E-4382-4BE1-9532-CBD1DE6EE7A3}.Release|Any CPU.ActiveCfg = Release|Any CPU
		{9847901E-4382-4BE1-9532-CBD1DE6EE7A3}.Release|Any CPU.Build.0 = Release|Any CPU
		{985725AC-0BA6-4151-BA9A-CC44F043C72B}.Debug|Any CPU.ActiveCfg = Debug|Any CPU
		{985725AC-0BA6-4151-BA9A-CC44F043C72B}.Debug|Any CPU.Build.0 = Debug|Any CPU
		{985725AC-0BA6-4151-BA9A-CC44F043C72B}.Release|Any CPU.ActiveCfg = Release|Any CPU
		{985725AC-0BA6-4151-BA9A-CC44F043C72B}.Release|Any CPU.Build.0 = Release|Any CPU
	EndGlobalSection
	GlobalSection(SolutionProperties) = preSolution
		HideSolutionNode = FALSE
	EndGlobalSection
	GlobalSection(ExtensibilityGlobals) = postSolution
		SolutionGuid = {E803145A-5C79-4A90-B1D8-5858EBB2E146}
	EndGlobalSection
EndGlobal
